// !$*UTF8*$!
{
	archiveVersion = 1;
	classes = {
	};
	objectVersion = 56;
	objects = {

/* Begin PBXBuildFile section */
		1D4AB3E92A519B4D0050AD4C /* LessonCoordinator.swift in Sources */ = {isa = PBXBuildFile; fileRef = 1D4AB3E82A519B4D0050AD4C /* LessonCoordinator.swift */; };
		1D4AB3EB2A519C0F0050AD4C /* ConversationLessonViewController.swift in Sources */ = {isa = PBXBuildFile; fileRef = 1D4AB3EA2A519C0F0050AD4C /* ConversationLessonViewController.swift */; };
		1D4AB3ED2A519D810050AD4C /* LoginLessonViewController.swift in Sources */ = {isa = PBXBuildFile; fileRef = 1D4AB3EC2A519D810050AD4C /* LoginLessonViewController.swift */; };
		1D4AB3EF2A51A28C0050AD4C /* RegisterLessonViewController.swift in Sources */ = {isa = PBXBuildFile; fileRef = 1D4AB3EE2A51A28C0050AD4C /* RegisterLessonViewController.swift */; };
		1D4AB3F22A51BB0E0050AD4C /* LessonsExtensions.swift in Sources */ = {isa = PBXBuildFile; fileRef = 1D4AB3F12A51BB0E0050AD4C /* LessonsExtensions.swift */; };
		1D85C34A2A510162005F0EDF /* AuthViewController.swift in Sources */ = {isa = PBXBuildFile; fileRef = 1D85C3492A510162005F0EDF /* AuthViewController.swift */; };
		1D85C34C2A510207005F0EDF /* BridgedView.swift in Sources */ = {isa = PBXBuildFile; fileRef = 1D85C34B2A510207005F0EDF /* BridgedView.swift */; };
		1D85C34E2A510266005F0EDF /* RestrictedUIHostingController.swift in Sources */ = {isa = PBXBuildFile; fileRef = 1D85C34D2A510266005F0EDF /* RestrictedUIHostingController.swift */; };
		1D85C3512A51033C005F0EDF /* UIViewController+Extension.swift in Sources */ = {isa = PBXBuildFile; fileRef = 1D85C3502A51033C005F0EDF /* UIViewController+Extension.swift */; };
		1D85C3532A510388005F0EDF /* UIView+Extension.swift in Sources */ = {isa = PBXBuildFile; fileRef = 1D85C3522A510388005F0EDF /* UIView+Extension.swift */; };
		1D85C3562A51076A005F0EDF /* LoginView.swift in Sources */ = {isa = PBXBuildFile; fileRef = 1D85C3552A51076A005F0EDF /* LoginView.swift */; };
		1D85C3592A51079A005F0EDF /* LoginViewModel.swift in Sources */ = {isa = PBXBuildFile; fileRef = 1D85C3582A51079A005F0EDF /* LoginViewModel.swift */; };
		1D85C35C2A5107C6005F0EDF /* RegistrationView.swift in Sources */ = {isa = PBXBuildFile; fileRef = 1D85C35B2A5107C6005F0EDF /* RegistrationView.swift */; };
		1D85C35E2A5107DE005F0EDF /* RegistationViewModel.swift in Sources */ = {isa = PBXBuildFile; fileRef = 1D85C35D2A5107DE005F0EDF /* RegistationViewModel.swift */; };
		1D85C3612A511054005F0EDF /* TabBarCoordinator.swift in Sources */ = {isa = PBXBuildFile; fileRef = 1D85C3602A511054005F0EDF /* TabBarCoordinator.swift */; };
		1D85C3632A5110A9005F0EDF /* TabItem.swift in Sources */ = {isa = PBXBuildFile; fileRef = 1D85C3622A5110A9005F0EDF /* TabItem.swift */; };
		1D85C3652A511205005F0EDF /* CustomTabBar.swift in Sources */ = {isa = PBXBuildFile; fileRef = 1D85C3642A511205005F0EDF /* CustomTabBar.swift */; };
		1D85C3672A51132A005F0EDF /* BaseTabBarController.swift in Sources */ = {isa = PBXBuildFile; fileRef = 1D85C3662A51132A005F0EDF /* BaseTabBarController.swift */; };
		1D85C36A2A5115F5005F0EDF /* ProfileCoordinator.swift in Sources */ = {isa = PBXBuildFile; fileRef = 1D85C3692A5115F5005F0EDF /* ProfileCoordinator.swift */; };
		1D85C36C2A511732005F0EDF /* ProfileViewController.swift in Sources */ = {isa = PBXBuildFile; fileRef = 1D85C36B2A511732005F0EDF /* ProfileViewController.swift */; };
		1D85C36F2A511CA3005F0EDF /* ProfileView.swift in Sources */ = {isa = PBXBuildFile; fileRef = 1D85C36E2A511CA3005F0EDF /* ProfileView.swift */; };
		1D85C3722A511CD4005F0EDF /* Person.swift in Sources */ = {isa = PBXBuildFile; fileRef = 1D85C3712A511CD4005F0EDF /* Person.swift */; };
		1D85C3742A511D00005F0EDF /* ProfileViewModel.swift in Sources */ = {isa = PBXBuildFile; fileRef = 1D85C3732A511D00005F0EDF /* ProfileViewModel.swift */; };
		1D85C3762A511D16005F0EDF /* SettingsOptionsViewModel.swift in Sources */ = {isa = PBXBuildFile; fileRef = 1D85C3752A511D16005F0EDF /* SettingsOptionsViewModel.swift */; };
		1D85C3792A5125ED005F0EDF /* InboxCoordinator.swift in Sources */ = {isa = PBXBuildFile; fileRef = 1D85C3782A5125ED005F0EDF /* InboxCoordinator.swift */; };
		1D85C37B2A512628005F0EDF /* InboxViewController.swift in Sources */ = {isa = PBXBuildFile; fileRef = 1D85C37A2A512628005F0EDF /* InboxViewController.swift */; };
		1D9B7DB02A502A8C00CA77F8 /* AppDelegate.swift in Sources */ = {isa = PBXBuildFile; fileRef = 1D9B7DAF2A502A8C00CA77F8 /* AppDelegate.swift */; };
		1D9B7DB22A502A8C00CA77F8 /* SceneDelegate.swift in Sources */ = {isa = PBXBuildFile; fileRef = 1D9B7DB12A502A8C00CA77F8 /* SceneDelegate.swift */; };
		1D9B7DB92A502A8D00CA77F8 /* Assets.xcassets in Resources */ = {isa = PBXBuildFile; fileRef = 1D9B7DB82A502A8D00CA77F8 /* Assets.xcassets */; };
		1D9B7DBC2A502A8D00CA77F8 /* LaunchScreen.storyboard in Resources */ = {isa = PBXBuildFile; fileRef = 1D9B7DBA2A502A8D00CA77F8 /* LaunchScreen.storyboard */; };
		1DE7D16A2A502BFC00815E17 /* FirebaseAnalytics in Frameworks */ = {isa = PBXBuildFile; productRef = 1DE7D1692A502BFC00815E17 /* FirebaseAnalytics */; };
		1DE7D16C2A502BFC00815E17 /* FirebaseAuth in Frameworks */ = {isa = PBXBuildFile; productRef = 1DE7D16B2A502BFC00815E17 /* FirebaseAuth */; };
		1DE7D16E2A502BFC00815E17 /* FirebaseFirestore in Frameworks */ = {isa = PBXBuildFile; productRef = 1DE7D16D2A502BFC00815E17 /* FirebaseFirestore */; };
		1DE7D1702A502BFC00815E17 /* FirebaseFirestoreSwift in Frameworks */ = {isa = PBXBuildFile; productRef = 1DE7D16F2A502BFC00815E17 /* FirebaseFirestoreSwift */; };
		1DE7D1722A502BFC00815E17 /* FirebaseStorage in Frameworks */ = {isa = PBXBuildFile; productRef = 1DE7D1712A502BFC00815E17 /* FirebaseStorage */; };
		1DE7D1742A502C7D00815E17 /* GoogleService-Info.plist in Resources */ = {isa = PBXBuildFile; fileRef = 1DE7D1732A502C7D00815E17 /* GoogleService-Info.plist */; };
		1DF1E5E72A50A30800AFAD81 /* SnapKit in Frameworks */ = {isa = PBXBuildFile; productRef = 1DF1E5E62A50A30800AFAD81 /* SnapKit */; };
		1DF1E5EA2A50A34500AFAD81 /* BaseViewController.swift in Sources */ = {isa = PBXBuildFile; fileRef = 1DF1E5E92A50A34500AFAD81 /* BaseViewController.swift */; };
		1DF1E5EC2A50A42700AFAD81 /* Router.swift in Sources */ = {isa = PBXBuildFile; fileRef = 1DF1E5EB2A50A42700AFAD81 /* Router.swift */; };
		1DF1E5EE2A50A46300AFAD81 /* BaseCoordinator.swift in Sources */ = {isa = PBXBuildFile; fileRef = 1DF1E5ED2A50A46300AFAD81 /* BaseCoordinator.swift */; };
		1DF1E5F02A50A4AA00AFAD81 /* InlineConfigurable.swift in Sources */ = {isa = PBXBuildFile; fileRef = 1DF1E5EF2A50A4AA00AFAD81 /* InlineConfigurable.swift */; };
		1DF1E5F22A50A4D300AFAD81 /* Store.swift in Sources */ = {isa = PBXBuildFile; fileRef = 1DF1E5F12A50A4D300AFAD81 /* Store.swift */; };
		1DF1E5F52A50A52F00AFAD81 /* AppCoordinator.swift in Sources */ = {isa = PBXBuildFile; fileRef = 1DF1E5F42A50A52F00AFAD81 /* AppCoordinator.swift */; };
		1DF1E5FA2A50A7B900AFAD81 /* AuthCoordinator.swift in Sources */ = {isa = PBXBuildFile; fileRef = 1DF1E5F92A50A7B900AFAD81 /* AuthCoordinator.swift */; };
/* End PBXBuildFile section */

/* Begin PBXFileReference section */
		1D4AB3E82A519B4D0050AD4C /* LessonCoordinator.swift */ = {isa = PBXFileReference; lastKnownFileType = sourcecode.swift; path = LessonCoordinator.swift; sourceTree = "<group>"; };
		1D4AB3EA2A519C0F0050AD4C /* ConversationLessonViewController.swift */ = {isa = PBXFileReference; lastKnownFileType = sourcecode.swift; path = ConversationLessonViewController.swift; sourceTree = "<group>"; };
		1D4AB3EC2A519D810050AD4C /* LoginLessonViewController.swift */ = {isa = PBXFileReference; lastKnownFileType = sourcecode.swift; path = LoginLessonViewController.swift; sourceTree = "<group>"; };
		1D4AB3EE2A51A28C0050AD4C /* RegisterLessonViewController.swift */ = {isa = PBXFileReference; lastKnownFileType = sourcecode.swift; path = RegisterLessonViewController.swift; sourceTree = "<group>"; };
		1D4AB3F12A51BB0E0050AD4C /* LessonsExtensions.swift */ = {isa = PBXFileReference; lastKnownFileType = sourcecode.swift; path = LessonsExtensions.swift; sourceTree = "<group>"; };
		1D85C3492A510162005F0EDF /* AuthViewController.swift */ = {isa = PBXFileReference; lastKnownFileType = sourcecode.swift; path = AuthViewController.swift; sourceTree = "<group>"; };
		1D85C34B2A510207005F0EDF /* BridgedView.swift */ = {isa = PBXFileReference; lastKnownFileType = sourcecode.swift; path = BridgedView.swift; sourceTree = "<group>"; };
		1D85C34D2A510266005F0EDF /* RestrictedUIHostingController.swift */ = {isa = PBXFileReference; lastKnownFileType = sourcecode.swift; path = RestrictedUIHostingController.swift; sourceTree = "<group>"; };
		1D85C3502A51033C005F0EDF /* UIViewController+Extension.swift */ = {isa = PBXFileReference; lastKnownFileType = sourcecode.swift; path = "UIViewController+Extension.swift"; sourceTree = "<group>"; };
		1D85C3522A510388005F0EDF /* UIView+Extension.swift */ = {isa = PBXFileReference; lastKnownFileType = sourcecode.swift; path = "UIView+Extension.swift"; sourceTree = "<group>"; };
		1D85C3552A51076A005F0EDF /* LoginView.swift */ = {isa = PBXFileReference; lastKnownFileType = sourcecode.swift; path = LoginView.swift; sourceTree = "<group>"; };
		1D85C3582A51079A005F0EDF /* LoginViewModel.swift */ = {isa = PBXFileReference; lastKnownFileType = sourcecode.swift; path = LoginViewModel.swift; sourceTree = "<group>"; };
		1D85C35B2A5107C6005F0EDF /* RegistrationView.swift */ = {isa = PBXFileReference; lastKnownFileType = sourcecode.swift; path = RegistrationView.swift; sourceTree = "<group>"; };
		1D85C35D2A5107DE005F0EDF /* RegistationViewModel.swift */ = {isa = PBXFileReference; lastKnownFileType = sourcecode.swift; path = RegistationViewModel.swift; sourceTree = "<group>"; };
		1D85C3602A511054005F0EDF /* TabBarCoordinator.swift */ = {isa = PBXFileReference; lastKnownFileType = sourcecode.swift; path = TabBarCoordinator.swift; sourceTree = "<group>"; };
		1D85C3622A5110A9005F0EDF /* TabItem.swift */ = {isa = PBXFileReference; lastKnownFileType = sourcecode.swift; path = TabItem.swift; sourceTree = "<group>"; };
		1D85C3642A511205005F0EDF /* CustomTabBar.swift */ = {isa = PBXFileReference; lastKnownFileType = sourcecode.swift; path = CustomTabBar.swift; sourceTree = "<group>"; };
		1D85C3662A51132A005F0EDF /* BaseTabBarController.swift */ = {isa = PBXFileReference; lastKnownFileType = sourcecode.swift; path = BaseTabBarController.swift; sourceTree = "<group>"; };
		1D85C3692A5115F5005F0EDF /* ProfileCoordinator.swift */ = {isa = PBXFileReference; lastKnownFileType = sourcecode.swift; path = ProfileCoordinator.swift; sourceTree = "<group>"; };
		1D85C36B2A511732005F0EDF /* ProfileViewController.swift */ = {isa = PBXFileReference; lastKnownFileType = sourcecode.swift; path = ProfileViewController.swift; sourceTree = "<group>"; };
		1D85C36E2A511CA3005F0EDF /* ProfileView.swift */ = {isa = PBXFileReference; lastKnownFileType = sourcecode.swift; path = ProfileView.swift; sourceTree = "<group>"; };
		1D85C3712A511CD4005F0EDF /* Person.swift */ = {isa = PBXFileReference; lastKnownFileType = sourcecode.swift; path = Person.swift; sourceTree = "<group>"; };
		1D85C3732A511D00005F0EDF /* ProfileViewModel.swift */ = {isa = PBXFileReference; lastKnownFileType = sourcecode.swift; path = ProfileViewModel.swift; sourceTree = "<group>"; };
		1D85C3752A511D16005F0EDF /* SettingsOptionsViewModel.swift */ = {isa = PBXFileReference; lastKnownFileType = sourcecode.swift; path = SettingsOptionsViewModel.swift; sourceTree = "<group>"; };
		1D85C3782A5125ED005F0EDF /* InboxCoordinator.swift */ = {isa = PBXFileReference; lastKnownFileType = sourcecode.swift; path = InboxCoordinator.swift; sourceTree = "<group>"; };
		1D85C37A2A512628005F0EDF /* InboxViewController.swift */ = {isa = PBXFileReference; lastKnownFileType = sourcecode.swift; path = InboxViewController.swift; sourceTree = "<group>"; };
		1D9B7DAC2A502A8C00CA77F8 /* Messenger.app */ = {isa = PBXFileReference; explicitFileType = wrapper.application; includeInIndex = 0; path = Messenger.app; sourceTree = BUILT_PRODUCTS_DIR; };
		1D9B7DAF2A502A8C00CA77F8 /* AppDelegate.swift */ = {isa = PBXFileReference; lastKnownFileType = sourcecode.swift; path = AppDelegate.swift; sourceTree = "<group>"; };
		1D9B7DB12A502A8C00CA77F8 /* SceneDelegate.swift */ = {isa = PBXFileReference; lastKnownFileType = sourcecode.swift; path = SceneDelegate.swift; sourceTree = "<group>"; };
		1D9B7DB82A502A8D00CA77F8 /* Assets.xcassets */ = {isa = PBXFileReference; lastKnownFileType = folder.assetcatalog; path = Assets.xcassets; sourceTree = "<group>"; };
		1D9B7DBB2A502A8D00CA77F8 /* Base */ = {isa = PBXFileReference; lastKnownFileType = file.storyboard; name = Base; path = Base.lproj/LaunchScreen.storyboard; sourceTree = "<group>"; };
		1D9B7DBD2A502A8D00CA77F8 /* Info.plist */ = {isa = PBXFileReference; lastKnownFileType = text.plist.xml; path = Info.plist; sourceTree = "<group>"; };
		1DE7D1732A502C7D00815E17 /* GoogleService-Info.plist */ = {isa = PBXFileReference; fileEncoding = 4; lastKnownFileType = text.plist.xml; path = "GoogleService-Info.plist"; sourceTree = "<group>"; };
		1DF1E5E92A50A34500AFAD81 /* BaseViewController.swift */ = {isa = PBXFileReference; lastKnownFileType = sourcecode.swift; path = BaseViewController.swift; sourceTree = "<group>"; };
		1DF1E5EB2A50A42700AFAD81 /* Router.swift */ = {isa = PBXFileReference; lastKnownFileType = sourcecode.swift; path = Router.swift; sourceTree = "<group>"; };
		1DF1E5ED2A50A46300AFAD81 /* BaseCoordinator.swift */ = {isa = PBXFileReference; lastKnownFileType = sourcecode.swift; path = BaseCoordinator.swift; sourceTree = "<group>"; };
		1DF1E5EF2A50A4AA00AFAD81 /* InlineConfigurable.swift */ = {isa = PBXFileReference; lastKnownFileType = sourcecode.swift; path = InlineConfigurable.swift; sourceTree = "<group>"; };
		1DF1E5F12A50A4D300AFAD81 /* Store.swift */ = {isa = PBXFileReference; lastKnownFileType = sourcecode.swift; path = Store.swift; sourceTree = "<group>"; };
		1DF1E5F42A50A52F00AFAD81 /* AppCoordinator.swift */ = {isa = PBXFileReference; lastKnownFileType = sourcecode.swift; path = AppCoordinator.swift; sourceTree = "<group>"; };
		1DF1E5F92A50A7B900AFAD81 /* AuthCoordinator.swift */ = {isa = PBXFileReference; lastKnownFileType = sourcecode.swift; path = AuthCoordinator.swift; sourceTree = "<group>"; };
/* End PBXFileReference section */

/* Begin PBXFrameworksBuildPhase section */
		1D9B7DA92A502A8C00CA77F8 /* Frameworks */ = {
			isa = PBXFrameworksBuildPhase;
			buildActionMask = 2147483647;
			files = (
				1DE7D16A2A502BFC00815E17 /* FirebaseAnalytics in Frameworks */,
				1DE7D16C2A502BFC00815E17 /* FirebaseAuth in Frameworks */,
				1DE7D16E2A502BFC00815E17 /* FirebaseFirestore in Frameworks */,
				1DF1E5E72A50A30800AFAD81 /* SnapKit in Frameworks */,
				1DE7D1722A502BFC00815E17 /* FirebaseStorage in Frameworks */,
				1DE7D1702A502BFC00815E17 /* FirebaseFirestoreSwift in Frameworks */,
			);
			runOnlyForDeploymentPostprocessing = 0;
		};
/* End PBXFrameworksBuildPhase section */

/* Begin PBXGroup section */
		1D4AB3E72A519B1C0050AD4C /* Lesson */ = {
			isa = PBXGroup;
			children = (
				1D4AB3F02A51BAE90050AD4C /* Resources */,
				1D4AB3E82A519B4D0050AD4C /* LessonCoordinator.swift */,
				1D4AB3EA2A519C0F0050AD4C /* ConversationLessonViewController.swift */,
				1D4AB3EC2A519D810050AD4C /* LoginLessonViewController.swift */,
				1D4AB3EE2A51A28C0050AD4C /* RegisterLessonViewController.swift */,
			);
			path = Lesson;
			sourceTree = "<group>";
		};
		1D4AB3F02A51BAE90050AD4C /* Resources */ = {
			isa = PBXGroup;
			children = (
				1D4AB3F12A51BB0E0050AD4C /* LessonsExtensions.swift */,
			);
			path = Resources;
			sourceTree = "<group>";
		};
		1D85C34F2A510323005F0EDF /* Extensions */ = {
			isa = PBXGroup;
			children = (
				1D85C3502A51033C005F0EDF /* UIViewController+Extension.swift */,
				1D85C3522A510388005F0EDF /* UIView+Extension.swift */,
			);
			path = Extensions;
			sourceTree = "<group>";
		};
		1D85C3542A5105C4005F0EDF /* Views */ = {
			isa = PBXGroup;
			children = (
				1D85C35A2A5107BD005F0EDF /* Registration */,
				1D85C3572A51078E005F0EDF /* Login */,
			);
			path = Views;
			sourceTree = "<group>";
		};
		1D85C3572A51078E005F0EDF /* Login */ = {
			isa = PBXGroup;
			children = (
				1D85C3552A51076A005F0EDF /* LoginView.swift */,
				1D85C3582A51079A005F0EDF /* LoginViewModel.swift */,
			);
			path = Login;
			sourceTree = "<group>";
		};
		1D85C35A2A5107BD005F0EDF /* Registration */ = {
			isa = PBXGroup;
			children = (
				1D85C35B2A5107C6005F0EDF /* RegistrationView.swift */,
				1D85C35D2A5107DE005F0EDF /* RegistationViewModel.swift */,
			);
			path = Registration;
			sourceTree = "<group>";
		};
		1D85C35F2A511045005F0EDF /* TabBar */ = {
			isa = PBXGroup;
			children = (
				1D85C3602A511054005F0EDF /* TabBarCoordinator.swift */,
				1D85C3622A5110A9005F0EDF /* TabItem.swift */,
				1D85C3642A511205005F0EDF /* CustomTabBar.swift */,
				1D85C3662A51132A005F0EDF /* BaseTabBarController.swift */,
			);
			path = TabBar;
			sourceTree = "<group>";
		};
		1D85C3682A5115C7005F0EDF /* Profile */ = {
			isa = PBXGroup;
			children = (
				1D85C36D2A511C77005F0EDF /* View */,
				1D85C3692A5115F5005F0EDF /* ProfileCoordinator.swift */,
				1D85C36B2A511732005F0EDF /* ProfileViewController.swift */,
			);
			path = Profile;
			sourceTree = "<group>";
		};
		1D85C36D2A511C77005F0EDF /* View */ = {
			isa = PBXGroup;
			children = (
				1D85C36E2A511CA3005F0EDF /* ProfileView.swift */,
				1D85C3732A511D00005F0EDF /* ProfileViewModel.swift */,
				1D85C3752A511D16005F0EDF /* SettingsOptionsViewModel.swift */,
			);
			path = View;
			sourceTree = "<group>";
		};
		1D85C3702A511CC8005F0EDF /* Model */ = {
			isa = PBXGroup;
			children = (
				1D85C3712A511CD4005F0EDF /* Person.swift */,
			);
			path = Model;
			sourceTree = "<group>";
		};
		1D85C3772A5125C1005F0EDF /* Inbox */ = {
			isa = PBXGroup;
			children = (
				1D85C3782A5125ED005F0EDF /* InboxCoordinator.swift */,
				1D85C37A2A512628005F0EDF /* InboxViewController.swift */,
			);
			path = Inbox;
			sourceTree = "<group>";
		};
		1D9B7DA32A502A8C00CA77F8 = {
			isa = PBXGroup;
			children = (
				1D9B7DAE2A502A8C00CA77F8 /* Messenger */,
				1D9B7DAD2A502A8C00CA77F8 /* Products */,
			);
			sourceTree = "<group>";
		};
		1D9B7DAD2A502A8C00CA77F8 /* Products */ = {
			isa = PBXGroup;
			children = (
				1D9B7DAC2A502A8C00CA77F8 /* Messenger.app */,
			);
			name = Products;
			sourceTree = "<group>";
		};
		1D9B7DAE2A502A8C00CA77F8 /* Messenger */ = {
			isa = PBXGroup;
			children = (
				1D4AB3E72A519B1C0050AD4C /* Lesson */,
				1D85C3702A511CC8005F0EDF /* Model */,
				1DF1E5F72A50A76000AFAD81 /* Features */,
				1DF1E5F62A50A66800AFAD81 /* Supporting Files */,
				1DF1E5E82A50A31400AFAD81 /* Core */,
				1DF1E5F32A50A51800AFAD81 /* App */,
			);
			path = Messenger;
			sourceTree = "<group>";
		};
		1DF1E5E82A50A31400AFAD81 /* Core */ = {
			isa = PBXGroup;
			children = (
				1D85C34F2A510323005F0EDF /* Extensions */,
				1DF1E5E92A50A34500AFAD81 /* BaseViewController.swift */,
				1DF1E5ED2A50A46300AFAD81 /* BaseCoordinator.swift */,
				1DF1E5EB2A50A42700AFAD81 /* Router.swift */,
				1DF1E5EF2A50A4AA00AFAD81 /* InlineConfigurable.swift */,
				1DF1E5F12A50A4D300AFAD81 /* Store.swift */,
				1D85C34B2A510207005F0EDF /* BridgedView.swift */,
				1D85C34D2A510266005F0EDF /* RestrictedUIHostingController.swift */,
			);
			path = Core;
			sourceTree = "<group>";
		};
		1DF1E5F32A50A51800AFAD81 /* App */ = {
			isa = PBXGroup;
			children = (
				1D9B7DAF2A502A8C00CA77F8 /* AppDelegate.swift */,
				1D9B7DB12A502A8C00CA77F8 /* SceneDelegate.swift */,
				1DF1E5F42A50A52F00AFAD81 /* AppCoordinator.swift */,
			);
			path = App;
			sourceTree = "<group>";
		};
		1DF1E5F62A50A66800AFAD81 /* Supporting Files */ = {
			isa = PBXGroup;
			children = (
				1DE7D1732A502C7D00815E17 /* GoogleService-Info.plist */,
				1D9B7DB82A502A8D00CA77F8 /* Assets.xcassets */,
				1D9B7DBA2A502A8D00CA77F8 /* LaunchScreen.storyboard */,
				1D9B7DBD2A502A8D00CA77F8 /* Info.plist */,
			);
			name = "Supporting Files";
			sourceTree = "<group>";
		};
		1DF1E5F72A50A76000AFAD81 /* Features */ = {
			isa = PBXGroup;
			children = (
				1D85C3772A5125C1005F0EDF /* Inbox */,
				1D85C3682A5115C7005F0EDF /* Profile */,
				1D85C35F2A511045005F0EDF /* TabBar */,
				1DF1E5F82A50A79700AFAD81 /* Auth */,
			);
			path = Features;
			sourceTree = "<group>";
		};
		1DF1E5F82A50A79700AFAD81 /* Auth */ = {
			isa = PBXGroup;
			children = (
				1D85C3542A5105C4005F0EDF /* Views */,
				1DF1E5F92A50A7B900AFAD81 /* AuthCoordinator.swift */,
				1D85C3492A510162005F0EDF /* AuthViewController.swift */,
			);
			path = Auth;
			sourceTree = "<group>";
		};
/* End PBXGroup section */

/* Begin PBXNativeTarget section */
		1D9B7DAB2A502A8C00CA77F8 /* Messenger */ = {
			isa = PBXNativeTarget;
			buildConfigurationList = 1D9B7DC02A502A8D00CA77F8 /* Build configuration list for PBXNativeTarget "Messenger" */;
			buildPhases = (
				1D9B7DA82A502A8C00CA77F8 /* Sources */,
				1D9B7DA92A502A8C00CA77F8 /* Frameworks */,
				1D9B7DAA2A502A8C00CA77F8 /* Resources */,
			);
			buildRules = (
			);
			dependencies = (
			);
			name = Messenger;
			packageProductDependencies = (
				1DE7D1692A502BFC00815E17 /* FirebaseAnalytics */,
				1DE7D16B2A502BFC00815E17 /* FirebaseAuth */,
				1DE7D16D2A502BFC00815E17 /* FirebaseFirestore */,
				1DE7D16F2A502BFC00815E17 /* FirebaseFirestoreSwift */,
				1DE7D1712A502BFC00815E17 /* FirebaseStorage */,
				1DF1E5E62A50A30800AFAD81 /* SnapKit */,
			);
			productName = Messenger;
			productReference = 1D9B7DAC2A502A8C00CA77F8 /* Messenger.app */;
			productType = "com.apple.product-type.application";
		};
/* End PBXNativeTarget section */

/* Begin PBXProject section */
		1D9B7DA42A502A8C00CA77F8 /* Project object */ = {
			isa = PBXProject;
			attributes = {
				BuildIndependentTargetsInParallel = 1;
				LastSwiftUpdateCheck = 1500;
				LastUpgradeCheck = 1500;
				TargetAttributes = {
					1D9B7DAB2A502A8C00CA77F8 = {
						CreatedOnToolsVersion = 15.0;
					};
				};
			};
			buildConfigurationList = 1D9B7DA72A502A8C00CA77F8 /* Build configuration list for PBXProject "Messenger" */;
			compatibilityVersion = "Xcode 14.0";
			developmentRegion = en;
			hasScannedForEncodings = 0;
			knownRegions = (
				en,
				Base,
			);
			mainGroup = 1D9B7DA32A502A8C00CA77F8;
			packageReferences = (
				1DE7D1682A502BFC00815E17 /* XCRemoteSwiftPackageReference "firebase-ios-sdk" */,
				1DF1E5E52A50A30800AFAD81 /* XCRemoteSwiftPackageReference "SnapKit" */,
			);
			productRefGroup = 1D9B7DAD2A502A8C00CA77F8 /* Products */;
			projectDirPath = "";
			projectRoot = "";
			targets = (
				1D9B7DAB2A502A8C00CA77F8 /* Messenger */,
			);
		};
/* End PBXProject section */

/* Begin PBXResourcesBuildPhase section */
		1D9B7DAA2A502A8C00CA77F8 /* Resources */ = {
			isa = PBXResourcesBuildPhase;
			buildActionMask = 2147483647;
			files = (
				1D9B7DBC2A502A8D00CA77F8 /* LaunchScreen.storyboard in Resources */,
				1D9B7DB92A502A8D00CA77F8 /* Assets.xcassets in Resources */,
				1DE7D1742A502C7D00815E17 /* GoogleService-Info.plist in Resources */,
			);
			runOnlyForDeploymentPostprocessing = 0;
		};
/* End PBXResourcesBuildPhase section */

/* Begin PBXSourcesBuildPhase section */
		1D9B7DA82A502A8C00CA77F8 /* Sources */ = {
			isa = PBXSourcesBuildPhase;
			buildActionMask = 2147483647;
			files = (
				1DF1E5F02A50A4AA00AFAD81 /* InlineConfigurable.swift in Sources */,
				1D4AB3EF2A51A28C0050AD4C /* RegisterLessonViewController.swift in Sources */,
				1D85C3512A51033C005F0EDF /* UIViewController+Extension.swift in Sources */,
				1DF1E5EE2A50A46300AFAD81 /* BaseCoordinator.swift in Sources */,
				1D85C3742A511D00005F0EDF /* ProfileViewModel.swift in Sources */,
				1D85C3562A51076A005F0EDF /* LoginView.swift in Sources */,
				1D85C3592A51079A005F0EDF /* LoginViewModel.swift in Sources */,
				1D85C3762A511D16005F0EDF /* SettingsOptionsViewModel.swift in Sources */,
				1D85C35C2A5107C6005F0EDF /* RegistrationView.swift in Sources */,
				1D4AB3E92A519B4D0050AD4C /* LessonCoordinator.swift in Sources */,
				1D85C36C2A511732005F0EDF /* ProfileViewController.swift in Sources */,
				1D85C36F2A511CA3005F0EDF /* ProfileView.swift in Sources */,
				1D4AB3ED2A519D810050AD4C /* LoginLessonViewController.swift in Sources */,
				1D85C3672A51132A005F0EDF /* BaseTabBarController.swift in Sources */,
				1D85C34A2A510162005F0EDF /* AuthViewController.swift in Sources */,
				1D85C3722A511CD4005F0EDF /* Person.swift in Sources */,
				1DF1E5F22A50A4D300AFAD81 /* Store.swift in Sources */,
				1D4AB3EB2A519C0F0050AD4C /* ConversationLessonViewController.swift in Sources */,
				1DF1E5EA2A50A34500AFAD81 /* BaseViewController.swift in Sources */,
				1D85C34E2A510266005F0EDF /* RestrictedUIHostingController.swift in Sources */,
				1D4AB3F22A51BB0E0050AD4C /* LessonsExtensions.swift in Sources */,
				1D85C3612A511054005F0EDF /* TabBarCoordinator.swift in Sources */,
				1DF1E5EC2A50A42700AFAD81 /* Router.swift in Sources */,
				1D85C36A2A5115F5005F0EDF /* ProfileCoordinator.swift in Sources */,
				1D85C3532A510388005F0EDF /* UIView+Extension.swift in Sources */,
				1DF1E5F52A50A52F00AFAD81 /* AppCoordinator.swift in Sources */,
				1D9B7DB02A502A8C00CA77F8 /* AppDelegate.swift in Sources */,
				1D85C35E2A5107DE005F0EDF /* RegistationViewModel.swift in Sources */,
				1D85C3652A511205005F0EDF /* CustomTabBar.swift in Sources */,
				1D85C3792A5125ED005F0EDF /* InboxCoordinator.swift in Sources */,
				1D85C37B2A512628005F0EDF /* InboxViewController.swift in Sources */,
				1DF1E5FA2A50A7B900AFAD81 /* AuthCoordinator.swift in Sources */,
				1D85C34C2A510207005F0EDF /* BridgedView.swift in Sources */,
				1D85C3632A5110A9005F0EDF /* TabItem.swift in Sources */,
				1D9B7DB22A502A8C00CA77F8 /* SceneDelegate.swift in Sources */,
			);
			runOnlyForDeploymentPostprocessing = 0;
		};
/* End PBXSourcesBuildPhase section */

/* Begin PBXVariantGroup section */
		1D9B7DBA2A502A8D00CA77F8 /* LaunchScreen.storyboard */ = {
			isa = PBXVariantGroup;
			children = (
				1D9B7DBB2A502A8D00CA77F8 /* Base */,
			);
			name = LaunchScreen.storyboard;
			sourceTree = "<group>";
		};
/* End PBXVariantGroup section */

/* Begin XCBuildConfiguration section */
		1D9B7DBE2A502A8D00CA77F8 /* Debug */ = {
			isa = XCBuildConfiguration;
			buildSettings = {
				ALWAYS_SEARCH_USER_PATHS = NO;
				ASSETCATALOG_COMPILER_GENERATE_SWIFT_ASSET_SYMBOL_EXTENSIONS = YES;
				CLANG_ANALYZER_NONNULL = YES;
				CLANG_ANALYZER_NUMBER_OBJECT_CONVERSION = YES_AGGRESSIVE;
				CLANG_CXX_LANGUAGE_STANDARD = "gnu++20";
				CLANG_ENABLE_MODULES = YES;
				CLANG_ENABLE_OBJC_ARC = YES;
				CLANG_ENABLE_OBJC_WEAK = YES;
				CLANG_WARN_BLOCK_CAPTURE_AUTORELEASING = YES;
				CLANG_WARN_BOOL_CONVERSION = YES;
				CLANG_WARN_COMMA = YES;
				CLANG_WARN_CONSTANT_CONVERSION = YES;
				CLANG_WARN_DEPRECATED_OBJC_IMPLEMENTATIONS = YES;
				CLANG_WARN_DIRECT_OBJC_ISA_USAGE = YES_ERROR;
				CLANG_WARN_DOCUMENTATION_COMMENTS = YES;
				CLANG_WARN_EMPTY_BODY = YES;
				CLANG_WARN_ENUM_CONVERSION = YES;
				CLANG_WARN_INFINITE_RECURSION = YES;
				CLANG_WARN_INT_CONVERSION = YES;
				CLANG_WARN_NON_LITERAL_NULL_CONVERSION = YES;
				CLANG_WARN_OBJC_IMPLICIT_RETAIN_SELF = YES;
				CLANG_WARN_OBJC_LITERAL_CONVERSION = YES;
				CLANG_WARN_OBJC_ROOT_CLASS = YES_ERROR;
				CLANG_WARN_QUOTED_INCLUDE_IN_FRAMEWORK_HEADER = YES;
				CLANG_WARN_RANGE_LOOP_ANALYSIS = YES;
				CLANG_WARN_STRICT_PROTOTYPES = YES;
				CLANG_WARN_SUSPICIOUS_MOVE = YES;
				CLANG_WARN_UNGUARDED_AVAILABILITY = YES_AGGRESSIVE;
				CLANG_WARN_UNREACHABLE_CODE = YES;
				CLANG_WARN__DUPLICATE_METHOD_MATCH = YES;
				COPY_PHASE_STRIP = NO;
				DEBUG_INFORMATION_FORMAT = dwarf;
				ENABLE_STRICT_OBJC_MSGSEND = YES;
				ENABLE_TESTABILITY = YES;
				ENABLE_USER_SCRIPT_SANDBOXING = YES;
				GCC_C_LANGUAGE_STANDARD = gnu17;
				GCC_DYNAMIC_NO_PIC = NO;
				GCC_NO_COMMON_BLOCKS = YES;
				GCC_OPTIMIZATION_LEVEL = 0;
				GCC_PREPROCESSOR_DEFINITIONS = (
					"DEBUG=1",
					"$(inherited)",
				);
				GCC_WARN_64_TO_32_BIT_CONVERSION = YES;
				GCC_WARN_ABOUT_RETURN_TYPE = YES_ERROR;
				GCC_WARN_UNDECLARED_SELECTOR = YES;
				GCC_WARN_UNINITIALIZED_AUTOS = YES_AGGRESSIVE;
				GCC_WARN_UNUSED_FUNCTION = YES;
				GCC_WARN_UNUSED_VARIABLE = YES;
				IPHONEOS_DEPLOYMENT_TARGET = 17.0;
				LOCALIZATION_PREFERS_STRING_CATALOGS = YES;
				MTL_ENABLE_DEBUG_INFO = INCLUDE_SOURCE;
				MTL_FAST_MATH = YES;
				ONLY_ACTIVE_ARCH = YES;
				SDKROOT = iphoneos;
				SWIFT_ACTIVE_COMPILATION_CONDITIONS = "DEBUG $(inherited)";
				SWIFT_OPTIMIZATION_LEVEL = "-Onone";
			};
			name = Debug;
		};
		1D9B7DBF2A502A8D00CA77F8 /* Release */ = {
			isa = XCBuildConfiguration;
			buildSettings = {
				ALWAYS_SEARCH_USER_PATHS = NO;
				ASSETCATALOG_COMPILER_GENERATE_SWIFT_ASSET_SYMBOL_EXTENSIONS = YES;
				CLANG_ANALYZER_NONNULL = YES;
				CLANG_ANALYZER_NUMBER_OBJECT_CONVERSION = YES_AGGRESSIVE;
				CLANG_CXX_LANGUAGE_STANDARD = "gnu++20";
				CLANG_ENABLE_MODULES = YES;
				CLANG_ENABLE_OBJC_ARC = YES;
				CLANG_ENABLE_OBJC_WEAK = YES;
				CLANG_WARN_BLOCK_CAPTURE_AUTORELEASING = YES;
				CLANG_WARN_BOOL_CONVERSION = YES;
				CLANG_WARN_COMMA = YES;
				CLANG_WARN_CONSTANT_CONVERSION = YES;
				CLANG_WARN_DEPRECATED_OBJC_IMPLEMENTATIONS = YES;
				CLANG_WARN_DIRECT_OBJC_ISA_USAGE = YES_ERROR;
				CLANG_WARN_DOCUMENTATION_COMMENTS = YES;
				CLANG_WARN_EMPTY_BODY = YES;
				CLANG_WARN_ENUM_CONVERSION = YES;
				CLANG_WARN_INFINITE_RECURSION = YES;
				CLANG_WARN_INT_CONVERSION = YES;
				CLANG_WARN_NON_LITERAL_NULL_CONVERSION = YES;
				CLANG_WARN_OBJC_IMPLICIT_RETAIN_SELF = YES;
				CLANG_WARN_OBJC_LITERAL_CONVERSION = YES;
				CLANG_WARN_OBJC_ROOT_CLASS = YES_ERROR;
				CLANG_WARN_QUOTED_INCLUDE_IN_FRAMEWORK_HEADER = YES;
				CLANG_WARN_RANGE_LOOP_ANALYSIS = YES;
				CLANG_WARN_STRICT_PROTOTYPES = YES;
				CLANG_WARN_SUSPICIOUS_MOVE = YES;
				CLANG_WARN_UNGUARDED_AVAILABILITY = YES_AGGRESSIVE;
				CLANG_WARN_UNREACHABLE_CODE = YES;
				CLANG_WARN__DUPLICATE_METHOD_MATCH = YES;
				COPY_PHASE_STRIP = NO;
				DEBUG_INFORMATION_FORMAT = "dwarf-with-dsym";
				ENABLE_NS_ASSERTIONS = NO;
				ENABLE_STRICT_OBJC_MSGSEND = YES;
				ENABLE_USER_SCRIPT_SANDBOXING = YES;
				GCC_C_LANGUAGE_STANDARD = gnu17;
				GCC_NO_COMMON_BLOCKS = YES;
				GCC_WARN_64_TO_32_BIT_CONVERSION = YES;
				GCC_WARN_ABOUT_RETURN_TYPE = YES_ERROR;
				GCC_WARN_UNDECLARED_SELECTOR = YES;
				GCC_WARN_UNINITIALIZED_AUTOS = YES_AGGRESSIVE;
				GCC_WARN_UNUSED_FUNCTION = YES;
				GCC_WARN_UNUSED_VARIABLE = YES;
				IPHONEOS_DEPLOYMENT_TARGET = 17.0;
				LOCALIZATION_PREFERS_STRING_CATALOGS = YES;
				MTL_ENABLE_DEBUG_INFO = NO;
				MTL_FAST_MATH = YES;
				SDKROOT = iphoneos;
				SWIFT_COMPILATION_MODE = wholemodule;
				VALIDATE_PRODUCT = YES;
			};
			name = Release;
		};
		1D9B7DC12A502A8D00CA77F8 /* Debug */ = {
			isa = XCBuildConfiguration;
			buildSettings = {
				ASSETCATALOG_COMPILER_APPICON_NAME = AppIcon;
				ASSETCATALOG_COMPILER_GLOBAL_ACCENT_COLOR_NAME = AccentColor;
				CODE_SIGN_STYLE = Automatic;
				CURRENT_PROJECT_VERSION = 1;
				DEVELOPMENT_TEAM = 723HTEFHBA;
				GENERATE_INFOPLIST_FILE = YES;
				INFOPLIST_FILE = Messenger/Info.plist;
				INFOPLIST_KEY_UIApplicationSupportsIndirectInputEvents = YES;
				INFOPLIST_KEY_UILaunchStoryboardName = LaunchScreen;
				INFOPLIST_KEY_UISupportedInterfaceOrientations_iPad = "UIInterfaceOrientationPortrait UIInterfaceOrientationPortraitUpsideDown UIInterfaceOrientationLandscapeLeft UIInterfaceOrientationLandscapeRight";
				INFOPLIST_KEY_UISupportedInterfaceOrientations_iPhone = "UIInterfaceOrientationPortrait UIInterfaceOrientationLandscapeLeft UIInterfaceOrientationLandscapeRight";
				IPHONEOS_DEPLOYMENT_TARGET = 16.0;
				LD_RUNPATH_SEARCH_PATHS = (
					"$(inherited)",
					"@executable_path/Frameworks",
				);
				MARKETING_VERSION = 1.0;
				PRODUCT_BUNDLE_IDENTIFIER = ru.fibeapp.Messenger;
				PRODUCT_NAME = "$(TARGET_NAME)";
				SWIFT_EMIT_LOC_STRINGS = YES;
				SWIFT_VERSION = 5.0;
				TARGETED_DEVICE_FAMILY = "1,2";
			};
			name = Debug;
		};
		1D9B7DC22A502A8D00CA77F8 /* Release */ = {
			isa = XCBuildConfiguration;
			buildSettings = {
				ASSETCATALOG_COMPILER_APPICON_NAME = AppIcon;
				ASSETCATALOG_COMPILER_GLOBAL_ACCENT_COLOR_NAME = AccentColor;
				CODE_SIGN_STYLE = Automatic;
				CURRENT_PROJECT_VERSION = 1;
				DEVELOPMENT_TEAM = 723HTEFHBA;
				GENERATE_INFOPLIST_FILE = YES;
				INFOPLIST_FILE = Messenger/Info.plist;
				INFOPLIST_KEY_UIApplicationSupportsIndirectInputEvents = YES;
				INFOPLIST_KEY_UILaunchStoryboardName = LaunchScreen;
				INFOPLIST_KEY_UISupportedInterfaceOrientations_iPad = "UIInterfaceOrientationPortrait UIInterfaceOrientationPortraitUpsideDown UIInterfaceOrientationLandscapeLeft UIInterfaceOrientationLandscapeRight";
				INFOPLIST_KEY_UISupportedInterfaceOrientations_iPhone = "UIInterfaceOrientationPortrait UIInterfaceOrientationLandscapeLeft UIInterfaceOrientationLandscapeRight";
				IPHONEOS_DEPLOYMENT_TARGET = 16.0;
				LD_RUNPATH_SEARCH_PATHS = (
					"$(inherited)",
					"@executable_path/Frameworks",
				);
				MARKETING_VERSION = 1.0;
				PRODUCT_BUNDLE_IDENTIFIER = ru.fibeapp.Messenger;
				PRODUCT_NAME = "$(TARGET_NAME)";
				SWIFT_EMIT_LOC_STRINGS = YES;
				SWIFT_VERSION = 5.0;
				TARGETED_DEVICE_FAMILY = "1,2";
			};
			name = Release;
		};
/* End XCBuildConfiguration section */

/* Begin XCConfigurationList section */
		1D9B7DA72A502A8C00CA77F8 /* Build configuration list for PBXProject "Messenger" */ = {
			isa = XCConfigurationList;
			buildConfigurations = (
				1D9B7DBE2A502A8D00CA77F8 /* Debug */,
				1D9B7DBF2A502A8D00CA77F8 /* Release */,
			);
			defaultConfigurationIsVisible = 0;
			defaultConfigurationName = Release;
		};
		1D9B7DC02A502A8D00CA77F8 /* Build configuration list for PBXNativeTarget "Messenger" */ = {
			isa = XCConfigurationList;
			buildConfigurations = (
				1D9B7DC12A502A8D00CA77F8 /* Debug */,
				1D9B7DC22A502A8D00CA77F8 /* Release */,
			);
			defaultConfigurationIsVisible = 0;
			defaultConfigurationName = Release;
		};
/* End XCConfigurationList section */

/* Begin XCRemoteSwiftPackageReference section */
		1DE7D1682A502BFC00815E17 /* XCRemoteSwiftPackageReference "firebase-ios-sdk" */ = {
			isa = XCRemoteSwiftPackageReference;
			repositoryURL = "https://github.com/firebase/firebase-ios-sdk";
			requirement = {
				kind = upToNextMajorVersion;
				minimumVersion = 10.11.0;
			};
		};
		1DF1E5E52A50A30800AFAD81 /* XCRemoteSwiftPackageReference "SnapKit" */ = {
			isa = XCRemoteSwiftPackageReference;
			repositoryURL = "https://github.com/SnapKit/SnapKit.git";
			requirement = {
				kind = upToNextMajorVersion;
				minimumVersion = 5.6.0;
			};
		};
/* End XCRemoteSwiftPackageReference section */

/* Begin XCSwiftPackageProductDependency section */
		1DE7D1692A502BFC00815E17 /* FirebaseAnalytics */ = {
			isa = XCSwiftPackageProductDependency;
			package = 1DE7D1682A502BFC00815E17 /* XCRemoteSwiftPackageReference "firebase-ios-sdk" */;
			productName = FirebaseAnalytics;
		};
		1DE7D16B2A502BFC00815E17 /* FirebaseAuth */ = {
			isa = XCSwiftPackageProductDependency;
			package = 1DE7D1682A502BFC00815E17 /* XCRemoteSwiftPackageReference "firebase-ios-sdk" */;
			productName = FirebaseAuth;
		};
		1DE7D16D2A502BFC00815E17 /* FirebaseFirestore */ = {
			isa = XCSwiftPackageProductDependency;
			package = 1DE7D1682A502BFC00815E17 /* XCRemoteSwiftPackageReference "firebase-ios-sdk" */;
			productName = FirebaseFirestore;
		};
		1DE7D16F2A502BFC00815E17 /* FirebaseFirestoreSwift */ = {
			isa = XCSwiftPackageProductDependency;
			package = 1DE7D1682A502BFC00815E17 /* XCRemoteSwiftPackageReference "firebase-ios-sdk" */;
			productName = FirebaseFirestoreSwift;
		};
		1DE7D1712A502BFC00815E17 /* FirebaseStorage */ = {
			isa = XCSwiftPackageProductDependency;
			package = 1DE7D1682A502BFC00815E17 /* XCRemoteSwiftPackageReference "firebase-ios-sdk" */;
			productName = FirebaseStorage;
		};
		1DF1E5E62A50A30800AFAD81 /* SnapKit */ = {
			isa = XCSwiftPackageProductDependency;
			package = 1DF1E5E52A50A30800AFAD81 /* XCRemoteSwiftPackageReference "SnapKit" */;
			productName = SnapKit;
		};
/* End XCSwiftPackageProductDependency section */
	};
	rootObject = 1D9B7DA42A502A8C00CA77F8 /* Project object */;
}
